
Microsoft Visual Studio Solution File, Format Version 12.00
# Visual Studio Version 17
VisualStudioVersion = 17.0.31919.166
MinimumVisualStudioVersion = 10.0.40219.1
Project("{FAE04EC0-301F-11D3-BF4B-00C04F79EFBC}") = "Exer01", "Exer01\Exer01.csproj", "{90F4E34C-1270-4CC2-BBB3-C05209B8F01B}"
EndProject
Global
	GlobalSection(SolutionConfigurationPlatforms) = preSolution
		Debug|Any CPU = Debug|Any CPU
		Release|Any CPU = Release|Any CPU
	EndGlobalSection
	GlobalSection(ProjectConfigurationPlatforms) = postSolution
		{90F4E34C-1270-4CC2-BBB3-C05209B8F01B}.Debug|Any CPU.ActiveCfg = Debug|Any CPU
		{90F4E34C-1270-4CC2-BBB3-C05209B8F01B}.Debug|Any CPU.Build.0 = Debug|Any CPU
		{90F4E34C-1270-4CC2-BBB3-C05209B8F01B}.Release|Any CPU.ActiveCfg = Release|Any CPU
		{90F4E34C-1270-4CC2-BBB3-C05209B8F01B}.Release|Any CPU.Build.0 = Release|Any CPU
	EndGlobalSection
	GlobalSection(SolutionProperties) = preSolution
		HideSolutionNode = FALSE
	EndGlobalSection
	GlobalSection(ExtensibilityGlobals) = postSolution
		SolutionGuid = {0359050B-86FD-4B79-87B2-710E54FAEE70}
	EndGlobalSection
EndGlobal
